
Microsoft Visual Studio Solution File, Format Version 12.00
# Visual Studio Version 16
VisualStudioVersion = 16.0.33214.272
MinimumVisualStudioVersion = 10.0.40219.1
Project("{FAE04EC0-301F-11D3-BF4B-00C04F79EFBC}") = "Code_HomeWork_1_4", "Code_HomeWork_1_4\Code_HomeWork_1_4.csproj", "{4ADB4BB1-8BB4-4E03-BBE2-0E2B75214C98}"
EndProject
Global
	GlobalSection(SolutionConfigurationPlatforms) = preSolution
		Debug|Any CPU = Debug|Any CPU
		Release|Any CPU = Release|Any CPU
	EndGlobalSection
	GlobalSection(ProjectConfigurationPlatforms) = postSolution
		{4ADB4BB1-8BB4-4E03-BBE2-0E2B75214C98}.Debug|Any CPU.ActiveCfg = Debug|Any CPU
		{4ADB4BB1-8BB4-4E03-BBE2-0E2B75214C98}.Debug|Any CPU.Build.0 = Debug|Any CPU
		{4ADB4BB1-8BB4-4E03-BBE2-0E2B75214C98}.Release|Any CPU.ActiveCfg = Release|Any CPU
		{4ADB4BB1-8BB4-4E03-BBE2-0E2B75214C98}.Release|Any CPU.Build.0 = Release|Any CPU
	EndGlobalSection
	GlobalSection(SolutionProperties) = preSolution
		HideSolutionNode = FALSE
	EndGlobalSection
	GlobalSection(ExtensibilityGlobals) = postSolution
		SolutionGuid = {C6F2E791-81C2-4C35-B074-424A52EC4752}
	EndGlobalSection
EndGlobal
